
Microsoft Visual Studio Solution File, Format Version 12.00
# Visual Studio Version 17
VisualStudioVersion = 17.8.34601.278
MinimumVisualStudioVersion = 10.0.40219.1
Project("{FAE04EC0-301F-11D3-BF4B-00C04F79EFBC}") = "Appium Tests Exercises", "Appium Tests Exercises.csproj", "{9391E230-9551-4A28-8D84-272EB057431B}"
EndProject
Global
	GlobalSection(SolutionConfigurationPlatforms) = preSolution
		Debug|Any CPU = Debug|Any CPU
		Release|Any CPU = Release|Any CPU
	EndGlobalSection
	GlobalSection(ProjectConfigurationPlatforms) = postSolution
		{9391E230-9551-4A28-8D84-272EB057431B}.Debug|Any CPU.ActiveCfg = Debug|Any CPU
		{9391E230-9551-4A28-8D84-272EB057431B}.Debug|Any CPU.Build.0 = Debug|Any CPU
		{9391E230-9551-4A28-8D84-272EB057431B}.Release|Any CPU.ActiveCfg = Release|Any CPU
		{9391E230-9551-4A28-8D84-272EB057431B}.Release|Any CPU.Build.0 = Release|Any CPU
	EndGlobalSection
	GlobalSection(SolutionProperties) = preSolution
		HideSolutionNode = FALSE
	EndGlobalSection
	GlobalSection(ExtensibilityGlobals) = postSolution
		SolutionGuid = {3DB815BE-EEF5-4B7A-A41F-8C5FFB4D26EA}
	EndGlobalSection
EndGlobal
